PODS:
  - Bean-iOS-OSX-SDK (0.8.0)
  - IJReachability (0.1.0)
  - MBProgressHUD (0.9.1)
  - Onboard (2.1.1)

DEPENDENCIES:
  - Bean-iOS-OSX-SDK (~> 0.6)
  - IJReachability (from `https://github.com/Isuru-Nanayakkara/IJReachability.git`)
  - MBProgressHUD (~> 0.9.1)
  - Onboard

EXTERNAL SOURCES:
  IJReachability:
    :git: https://github.com/Isuru-Nanayakkara/IJReachability.git

CHECKOUT OPTIONS:
  IJReachability:
    :commit: da69c8f4bed9f82203bb49180fb36091b4cd0d28
    :git: https://github.com/Isuru-Nanayakkara/IJReachability.git

SPEC CHECKSUMS:
  Bean-iOS-OSX-SDK: 5597d11be1fc7fa1c0c9b1d0eeae7b64663b07c0
  IJReachability: 3eff33caca50869df09b257bcf712031a56a8575
  MBProgressHUD: f3747dcbd45a9e855a6b0674550651e0b7ed250c
  Onboard: 27cdf8db29740f0c17ed81371a003b9833a5e700

COCOAPODS: 0.36.0
