// !$*UTF8*$!
{
	archiveVersion = 1;
	classes = {
	};
	objectVersion = 46;
	objects = {

/* Begin PBXBuildFile section */
		64AD33E65AACFE97DD4F154C /* Pods_PocketPark.framework in Frameworks */ = {isa = PBXBuildFile; fileRef = B72FF697DF7888CE41C9FE5D /* Pods_PocketPark.framework */; settings = {ATTRIBUTES = (Weak, ); }; };
		E22299FA1AC4E4DE0002457B /* CellAnimation.swift in Sources */ = {isa = PBXBuildFile; fileRef = E22299F91AC4E4DE0002457B /* CellAnimation.swift */; };
		E2332B731ABFA15E00455422 /* InteractiveCard.xib in Resources */ = {isa = PBXBuildFile; fileRef = E2332B721ABFA15E00455422 /* InteractiveCard.xib */; };
		E2332B751ABFA33A00455422 /* InteractiveCardCell.swift in Sources */ = {isa = PBXBuildFile; fileRef = E2332B741ABFA33A00455422 /* InteractiveCardCell.swift */; };
		E24494841AC5F8000004AD6D /* PushNotificationController.swift in Sources */ = {isa = PBXBuildFile; fileRef = E24494831AC5F8000004AD6D /* PushNotificationController.swift */; };
		E25C20AE1AC90CDC00BA46DD /* CustomFooterCellTableViewCell.swift in Sources */ = {isa = PBXBuildFile; fileRef = E25C20AC1AC90CDC00BA46DD /* CustomFooterCellTableViewCell.swift */; };
		E25C20AF1AC90CDC00BA46DD /* CustomFooterCellTableViewCell.xib in Resources */ = {isa = PBXBuildFile; fileRef = E25C20AD1AC90CDC00BA46DD /* CustomFooterCellTableViewCell.xib */; };
		E261D3DB1AB007DE00957726 /* PocketParkTests.swift in Sources */ = {isa = PBXBuildFile; fileRef = E261D3DA1AB007DE00957726 /* PocketParkTests.swift */; };
		E261D3EA1AB0087400957726 /* Media.xcassets in Resources */ = {isa = PBXBuildFile; fileRef = E261D3E41AB0087400957726 /* Media.xcassets */; };
		E261D3EB1AB0087400957726 /* Default-568h@2x.png in Resources */ = {isa = PBXBuildFile; fileRef = E261D3E51AB0087400957726 /* Default-568h@2x.png */; };
		E261D3EC1AB0087400957726 /* street.png in Resources */ = {isa = PBXBuildFile; fileRef = E261D3E61AB0087400957726 /* street.png */; };
		E261D3ED1AB0087400957726 /* blue.png in Resources */ = {isa = PBXBuildFile; fileRef = E261D3E71AB0087400957726 /* blue.png */; };
		E261D3EE1AB0087400957726 /* red.png in Resources */ = {isa = PBXBuildFile; fileRef = E261D3E81AB0087400957726 /* red.png */; };
		E261D3EF1AB0087400957726 /* yellow.png in Resources */ = {isa = PBXBuildFile; fileRef = E261D3E91AB0087400957726 /* yellow.png */; };
		E261D3FB1AB0089D00957726 /* InteractiveMapViewController.swift in Sources */ = {isa = PBXBuildFile; fileRef = E261D3F51AB0089D00957726 /* InteractiveMapViewController.swift */; };
		E261D3FC1AB0089D00957726 /* AboutViewController.swift in Sources */ = {isa = PBXBuildFile; fileRef = E261D3F61AB0089D00957726 /* AboutViewController.swift */; };
		E261D3FD1AB0089D00957726 /* DisconnectedViewController.swift in Sources */ = {isa = PBXBuildFile; fileRef = E261D3F71AB0089D00957726 /* DisconnectedViewController.swift */; };
		E261D3FE1AB0089D00957726 /* ConnectedViewController.swift in Sources */ = {isa = PBXBuildFile; fileRef = E261D3F81AB0089D00957726 /* ConnectedViewController.swift */; };
		E261D3FF1AB0089D00957726 /* OnboardingViewController.swift in Sources */ = {isa = PBXBuildFile; fileRef = E261D3F91AB0089D00957726 /* OnboardingViewController.swift */; };
		E261D4001AB0089D00957726 /* OnboardingContentViewController.swift in Sources */ = {isa = PBXBuildFile; fileRef = E261D3FA1AB0089D00957726 /* OnboardingContentViewController.swift */; };
		E261D4061AB008A600957726 /* LaunchScreen.xib in Resources */ = {isa = PBXBuildFile; fileRef = E261D4011AB008A600957726 /* LaunchScreen.xib */; };
		E261D4071AB008A600957726 /* DisconnectedView.xib in Resources */ = {isa = PBXBuildFile; fileRef = E261D4021AB008A600957726 /* DisconnectedView.xib */; };
		E261D4081AB008A600957726 /* ConnectedView.xib in Resources */ = {isa = PBXBuildFile; fileRef = E261D4031AB008A600957726 /* ConnectedView.xib */; };
		E261D4091AB008A600957726 /* AboutView.xib in Resources */ = {isa = PBXBuildFile; fileRef = E261D4041AB008A600957726 /* AboutView.xib */; };
		E261D40A1AB008A600957726 /* InteractiveMap.xib in Resources */ = {isa = PBXBuildFile; fileRef = E261D4051AB008A600957726 /* InteractiveMap.xib */; };
		E261D40F1AB008B000957726 /* CustomColors.swift in Sources */ = {isa = PBXBuildFile; fileRef = E261D40B1AB008B000957726 /* CustomColors.swift */; };
		E261D4101AB008B000957726 /* InteractionBeaconManager.swift in Sources */ = {isa = PBXBuildFile; fileRef = E261D40C1AB008B000957726 /* InteractionBeaconManager.swift */; };
		E261D4111AB008B000957726 /* DataManager.swift in Sources */ = {isa = PBXBuildFile; fileRef = E261D40D1AB008B000957726 /* DataManager.swift */; };
		E261D4141AB008BA00957726 /* AppDelegate.swift in Sources */ = {isa = PBXBuildFile; fileRef = E261D4131AB008BA00957726 /* AppDelegate.swift */; };
		E261D4411AB00AB100957726 /* AVFoundation.framework in Frameworks */ = {isa = PBXBuildFile; fileRef = E261D4401AB00AB100957726 /* AVFoundation.framework */; };
		E261D4431AB00ABC00957726 /* libstdc++.6.dylib in Frameworks */ = {isa = PBXBuildFile; fileRef = E261D4421AB00ABC00957726 /* libstdc++.6.dylib */; };
		E261D4451AB00AC300957726 /* AudioToolbox.framework in Frameworks */ = {isa = PBXBuildFile; fileRef = E261D4441AB00AC300957726 /* AudioToolbox.framework */; };
		E261D4471AB00ACE00957726 /* libsqlite3.dylib in Frameworks */ = {isa = PBXBuildFile; fileRef = E261D4461AB00ACE00957726 /* libsqlite3.dylib */; };
		E261D4491AB00AD700957726 /* libz.dylib in Frameworks */ = {isa = PBXBuildFile; fileRef = E261D4481AB00AD700957726 /* libz.dylib */; };
		E261D44B1AB00AE100957726 /* SystemConfiguration.framework in Frameworks */ = {isa = PBXBuildFile; fileRef = E261D44A1AB00AE100957726 /* SystemConfiguration.framework */; };
		E261D44D1AB00AE800957726 /* Social.framework in Frameworks */ = {isa = PBXBuildFile; fileRef = E261D44C1AB00AE800957726 /* Social.framework */; };
		E261D44F1AB00AEF00957726 /* Security.framework in Frameworks */ = {isa = PBXBuildFile; fileRef = E261D44E1AB00AEF00957726 /* Security.framework */; };
		E261D4511AB00AF500957726 /* QuartzCore.framework in Frameworks */ = {isa = PBXBuildFile; fileRef = E261D4501AB00AF500957726 /* QuartzCore.framework */; };
		E261D4531AB00AFC00957726 /* MobileCoreServices.framework in Frameworks */ = {isa = PBXBuildFile; fileRef = E261D4521AB00AFC00957726 /* MobileCoreServices.framework */; };
		E261D4551AB00B0100957726 /* CoreLocation.framework in Frameworks */ = {isa = PBXBuildFile; fileRef = E261D4541AB00B0100957726 /* CoreLocation.framework */; };
		E261D4571AB00B0800957726 /* CoreGraphics.framework in Frameworks */ = {isa = PBXBuildFile; fileRef = E261D4561AB00B0800957726 /* CoreGraphics.framework */; };
		E261D4591AB00B0F00957726 /* CFNetwork.framework in Frameworks */ = {isa = PBXBuildFile; fileRef = E261D4581AB00B0F00957726 /* CFNetwork.framework */; };
		E261D45B1AB00B1600957726 /* Accounts.framework in Frameworks */ = {isa = PBXBuildFile; fileRef = E261D45A1AB00B1600957726 /* Accounts.framework */; };
		E2624DCD1AC7BBF5006848D6 /* UIViewExtensions.swift in Sources */ = {isa = PBXBuildFile; fileRef = E2624DCC1AC7BBF5006848D6 /* UIViewExtensions.swift */; };
		E267FD7E1AC6079F00654B20 /* Bolts.framework in Frameworks */ = {isa = PBXBuildFile; fileRef = E267FD7B1AC6079F00654B20 /* Bolts.framework */; };
		E267FD7F1AC6079F00654B20 /* Parse.framework in Frameworks */ = {isa = PBXBuildFile; fileRef = E267FD7C1AC6079F00654B20 /* Parse.framework */; };
		E267FD801AC6079F00654B20 /* ParseCrashReporting.framework in Frameworks */ = {isa = PBXBuildFile; fileRef = E267FD7D1AC6079F00654B20 /* ParseCrashReporting.framework */; };
		E2A78F2F1AB2736F0096B7A8 /* OtterFont.ttf in Resources */ = {isa = PBXBuildFile; fileRef = E2A78F2E1AB272120096B7A8 /* OtterFont.ttf */; };
		E2A78F311AB288A70096B7A8 /* bg.jpg in Resources */ = {isa = PBXBuildFile; fileRef = E2A78F301AB288A70096B7A8 /* bg.jpg */; };
/* End PBXBuildFile section */

/* Begin PBXContainerItemProxy section */
		E261D3D51AB007DE00957726 /* PBXContainerItemProxy */ = {
			isa = PBXContainerItemProxy;
			containerPortal = E261D3B71AB007DE00957726 /* Project object */;
			proxyType = 1;
			remoteGlobalIDString = E261D3BE1AB007DE00957726;
			remoteInfo = PocketPark;
		};
/* End PBXContainerItemProxy section */

/* Begin PBXFileReference section */
		4EFCB27833ADB71B977B491B /* Pods-PocketPark.debug.xcconfig */ = {isa = PBXFileReference; includeInIndex = 1; lastKnownFileType = text.xcconfig; name = "Pods-PocketPark.debug.xcconfig"; path = "Pods/Target Support Files/Pods-PocketPark/Pods-PocketPark.debug.xcconfig"; sourceTree = "<group>"; };
		54ACA14C519829F352B98643 /* Pods-PocketPark.release.xcconfig */ = {isa = PBXFileReference; includeInIndex = 1; lastKnownFileType = text.xcconfig; name = "Pods-PocketPark.release.xcconfig"; path = "Pods/Target Support Files/Pods-PocketPark/Pods-PocketPark.release.xcconfig"; sourceTree = "<group>"; };
		B72FF697DF7888CE41C9FE5D /* Pods_PocketPark.framework */ = {isa = PBXFileReference; explicitFileType = wrapper.framework; includeInIndex = 0; path = Pods_PocketPark.framework; sourceTree = BUILT_PRODUCTS_DIR; };
		E22299F91AC4E4DE0002457B /* CellAnimation.swift */ = {isa = PBXFileReference; fileEncoding = 4; lastKnownFileType = sourcecode.swift; path = CellAnimation.swift; sourceTree = "<group>"; };
		E2332B721ABFA15E00455422 /* InteractiveCard.xib */ = {isa = PBXFileReference; fileEncoding = 4; lastKnownFileType = file.xib; path = InteractiveCard.xib; sourceTree = "<group>"; };
		E2332B741ABFA33A00455422 /* InteractiveCardCell.swift */ = {isa = PBXFileReference; fileEncoding = 4; lastKnownFileType = sourcecode.swift; path = InteractiveCardCell.swift; sourceTree = "<group>"; };
		E24494831AC5F8000004AD6D /* PushNotificationController.swift */ = {isa = PBXFileReference; fileEncoding = 4; lastKnownFileType = sourcecode.swift; path = PushNotificationController.swift; sourceTree = "<group>"; };
		E25940A31AC8FF040064AB90 /* PKHUD.framework */ = {isa = PBXFileReference; lastKnownFileType = wrapper.framework; name = PKHUD.framework; path = ../../../../../Desktop/PKHUD.framework; sourceTree = "<group>"; };
		E25C20AC1AC90CDC00BA46DD /* CustomFooterCellTableViewCell.swift */ = {isa = PBXFileReference; fileEncoding = 4; lastKnownFileType = sourcecode.swift; path = CustomFooterCellTableViewCell.swift; sourceTree = "<group>"; };
		E25C20AD1AC90CDC00BA46DD /* CustomFooterCellTableViewCell.xib */ = {isa = PBXFileReference; fileEncoding = 4; lastKnownFileType = file.xib; path = CustomFooterCellTableViewCell.xib; sourceTree = "<group>"; };
		E261D3BF1AB007DE00957726 /* PocketPark.app */ = {isa = PBXFileReference; explicitFileType = wrapper.application; includeInIndex = 0; path = PocketPark.app; sourceTree = BUILT_PRODUCTS_DIR; };
		E261D3C31AB007DE00957726 /* Info.plist */ = {isa = PBXFileReference; lastKnownFileType = text.plist.xml; path = Info.plist; sourceTree = "<group>"; };
		E261D3D41AB007DE00957726 /* PocketParkTests.xctest */ = {isa = PBXFileReference; explicitFileType = wrapper.cfbundle; includeInIndex = 0; path = PocketParkTests.xctest; sourceTree = BUILT_PRODUCTS_DIR; };
		E261D3D91AB007DE00957726 /* Info.plist */ = {isa = PBXFileReference; lastKnownFileType = text.plist.xml; path = Info.plist; sourceTree = "<group>"; };
		E261D3DA1AB007DE00957726 /* PocketParkTests.swift */ = {isa = PBXFileReference; lastKnownFileType = sourcecode.swift; path = PocketParkTests.swift; sourceTree = "<group>"; };
		E261D3E41AB0087400957726 /* Media.xcassets */ = {isa = PBXFileReference; lastKnownFileType = folder.assetcatalog; path = Media.xcassets; sourceTree = "<group>"; };
		E261D3E51AB0087400957726 /* Default-568h@2x.png */ = {isa = PBXFileReference; lastKnownFileType = image.png; path = "Default-568h@2x.png"; sourceTree = "<group>"; };
		E261D3E61AB0087400957726 /* street.png */ = {isa = PBXFileReference; lastKnownFileType = image.png; path = street.png; sourceTree = "<group>"; };
		E261D3E71AB0087400957726 /* blue.png */ = {isa = PBXFileReference; lastKnownFileType = image.png; path = blue.png; sourceTree = "<group>"; };
		E261D3E81AB0087400957726 /* red.png */ = {isa = PBXFileReference; lastKnownFileType = image.png; path = red.png; sourceTree = "<group>"; };
		E261D3E91AB0087400957726 /* yellow.png */ = {isa = PBXFileReference; lastKnownFileType = image.png; path = yellow.png; sourceTree = "<group>"; };
		E261D3F41AB0089C00957726 /* PocketPark-Bridging-Header.h */ = {isa = PBXFileReference; lastKnownFileType = sourcecode.c.h; path = "PocketPark-Bridging-Header.h"; sourceTree = "<group>"; };
		E261D3F51AB0089D00957726 /* InteractiveMapViewController.swift */ = {isa = PBXFileReference; fileEncoding = 4; lastKnownFileType = sourcecode.swift; path = InteractiveMapViewController.swift; sourceTree = "<group>"; };
		E261D3F61AB0089D00957726 /* AboutViewController.swift */ = {isa = PBXFileReference; fileEncoding = 4; lastKnownFileType = sourcecode.swift; path = AboutViewController.swift; sourceTree = "<group>"; };
		E261D3F71AB0089D00957726 /* DisconnectedViewController.swift */ = {isa = PBXFileReference; fileEncoding = 4; lastKnownFileType = sourcecode.swift; path = DisconnectedViewController.swift; sourceTree = "<group>"; };
		E261D3F81AB0089D00957726 /* ConnectedViewController.swift */ = {isa = PBXFileReference; fileEncoding = 4; lastKnownFileType = sourcecode.swift; path = ConnectedViewController.swift; sourceTree = "<group>"; };
		E261D3F91AB0089D00957726 /* OnboardingViewController.swift */ = {isa = PBXFileReference; fileEncoding = 4; lastKnownFileType = sourcecode.swift; path = OnboardingViewController.swift; sourceTree = "<group>"; };
		E261D3FA1AB0089D00957726 /* OnboardingContentViewController.swift */ = {isa = PBXFileReference; fileEncoding = 4; lastKnownFileType = sourcecode.swift; path = OnboardingContentViewController.swift; sourceTree = "<group>"; };
		E261D4011AB008A600957726 /* LaunchScreen.xib */ = {isa = PBXFileReference; fileEncoding = 4; lastKnownFileType = file.xib; path = LaunchScreen.xib; sourceTree = "<group>"; };
		E261D4021AB008A600957726 /* DisconnectedView.xib */ = {isa = PBXFileReference; fileEncoding = 4; lastKnownFileType = file.xib; path = DisconnectedView.xib; sourceTree = "<group>"; };
		E261D4031AB008A600957726 /* ConnectedView.xib */ = {isa = PBXFileReference; fileEncoding = 4; lastKnownFileType = file.xib; path = ConnectedView.xib; sourceTree = "<group>"; };
		E261D4041AB008A600957726 /* AboutView.xib */ = {isa = PBXFileReference; fileEncoding = 4; lastKnownFileType = file.xib; path = AboutView.xib; sourceTree = "<group>"; };
		E261D4051AB008A600957726 /* InteractiveMap.xib */ = {isa = PBXFileReference; fileEncoding = 4; lastKnownFileType = file.xib; path = InteractiveMap.xib; sourceTree = "<group>"; };
		E261D40B1AB008B000957726 /* CustomColors.swift */ = {isa = PBXFileReference; fileEncoding = 4; lastKnownFileType = sourcecode.swift; path = CustomColors.swift; sourceTree = "<group>"; };
		E261D40C1AB008B000957726 /* InteractionBeaconManager.swift */ = {isa = PBXFileReference; fileEncoding = 4; lastKnownFileType = sourcecode.swift; path = InteractionBeaconManager.swift; sourceTree = "<group>"; };
		E261D40D1AB008B000957726 /* DataManager.swift */ = {isa = PBXFileReference; fileEncoding = 4; lastKnownFileType = sourcecode.swift; path = DataManager.swift; sourceTree = "<group>"; };
		E261D4131AB008BA00957726 /* AppDelegate.swift */ = {isa = PBXFileReference; fileEncoding = 4; lastKnownFileType = sourcecode.swift; path = AppDelegate.swift; sourceTree = "<group>"; };
		E261D4401AB00AB100957726 /* AVFoundation.framework */ = {isa = PBXFileReference; lastKnownFileType = wrapper.framework; name = AVFoundation.framework; path = System/Library/Frameworks/AVFoundation.framework; sourceTree = SDKROOT; };
		E261D4421AB00ABC00957726 /* libstdc++.6.dylib */ = {isa = PBXFileReference; lastKnownFileType = "compiled.mach-o.dylib"; name = "libstdc++.6.dylib"; path = "usr/lib/libstdc++.6.dylib"; sourceTree = SDKROOT; };
		E261D4441AB00AC300957726 /* AudioToolbox.framework */ = {isa = PBXFileReference; lastKnownFileType = wrapper.framework; name = AudioToolbox.framework; path = System/Library/Frameworks/AudioToolbox.framework; sourceTree = SDKROOT; };
		E261D4461AB00ACE00957726 /* libsqlite3.dylib */ = {isa = PBXFileReference; lastKnownFileType = "compiled.mach-o.dylib"; name = libsqlite3.dylib; path = usr/lib/libsqlite3.dylib; sourceTree = SDKROOT; };
		E261D4481AB00AD700957726 /* libz.dylib */ = {isa = PBXFileReference; lastKnownFileType = "compiled.mach-o.dylib"; name = libz.dylib; path = usr/lib/libz.dylib; sourceTree = SDKROOT; };
		E261D44A1AB00AE100957726 /* SystemConfiguration.framework */ = {isa = PBXFileReference; lastKnownFileType = wrapper.framework; name = SystemConfiguration.framework; path = System/Library/Frameworks/SystemConfiguration.framework; sourceTree = SDKROOT; };
		E261D44C1AB00AE800957726 /* Social.framework */ = {isa = PBXFileReference; lastKnownFileType = wrapper.framework; name = Social.framework; path = System/Library/Frameworks/Social.framework; sourceTree = SDKROOT; };
		E261D44E1AB00AEF00957726 /* Security.framework */ = {isa = PBXFileReference; lastKnownFileType = wrapper.framework; name = Security.framework; path = System/Library/Frameworks/Security.framework; sourceTree = SDKROOT; };
		E261D4501AB00AF500957726 /* QuartzCore.framework */ = {isa = PBXFileReference; lastKnownFileType = wrapper.framework; name = QuartzCore.framework; path = System/Library/Frameworks/QuartzCore.framework; sourceTree = SDKROOT; };
		E261D4521AB00AFC00957726 /* MobileCoreServices.framework */ = {isa = PBXFileReference; lastKnownFileType = wrapper.framework; name = MobileCoreServices.framework; path = System/Library/Frameworks/MobileCoreServices.framework; sourceTree = SDKROOT; };
		E261D4541AB00B0100957726 /* CoreLocation.framework */ = {isa = PBXFileReference; lastKnownFileType = wrapper.framework; name = CoreLocation.framework; path = System/Library/Frameworks/CoreLocation.framework; sourceTree = SDKROOT; };
		E261D4561AB00B0800957726 /* CoreGraphics.framework */ = {isa = PBXFileReference; lastKnownFileType = wrapper.framework; name = CoreGraphics.framework; path = System/Library/Frameworks/CoreGraphics.framework; sourceTree = SDKROOT; };
		E261D4581AB00B0F00957726 /* CFNetwork.framework */ = {isa = PBXFileReference; lastKnownFileType = wrapper.framework; name = CFNetwork.framework; path = System/Library/Frameworks/CFNetwork.framework; sourceTree = SDKROOT; };
		E261D45A1AB00B1600957726 /* Accounts.framework */ = {isa = PBXFileReference; lastKnownFileType = wrapper.framework; name = Accounts.framework; path = System/Library/Frameworks/Accounts.framework; sourceTree = SDKROOT; };
		E2624DCC1AC7BBF5006848D6 /* UIViewExtensions.swift */ = {isa = PBXFileReference; fileEncoding = 4; lastKnownFileType = sourcecode.swift; path = UIViewExtensions.swift; sourceTree = "<group>"; };
		E267FD7B1AC6079F00654B20 /* Bolts.framework */ = {isa = PBXFileReference; lastKnownFileType = wrapper.framework; name = Bolts.framework; path = PocketPark/AddedFrameworks/Bolts.framework; sourceTree = "<group>"; };
		E267FD7C1AC6079F00654B20 /* Parse.framework */ = {isa = PBXFileReference; lastKnownFileType = wrapper.framework; name = Parse.framework; path = PocketPark/AddedFrameworks/Parse.framework; sourceTree = "<group>"; };
		E267FD7D1AC6079F00654B20 /* ParseCrashReporting.framework */ = {isa = PBXFileReference; lastKnownFileType = wrapper.framework; name = ParseCrashReporting.framework; path = PocketPark/AddedFrameworks/ParseCrashReporting.framework; sourceTree = "<group>"; };
		E2A78F2E1AB272120096B7A8 /* OtterFont.ttf */ = {isa = PBXFileReference; lastKnownFileType = file; path = OtterFont.ttf; sourceTree = "<group>"; };
		E2A78F301AB288A70096B7A8 /* bg.jpg */ = {isa = PBXFileReference; lastKnownFileType = image.jpeg; path = bg.jpg; sourceTree = "<group>"; };
/* End PBXFileReference section */

/* Begin PBXFrameworksBuildPhase section */
		E261D3BC1AB007DE00957726 /* Frameworks */ = {
			isa = PBXFrameworksBuildPhase;
			buildActionMask = 2147483647;
			files = (
				E261D45B1AB00B1600957726 /* Accounts.framework in Frameworks */,
				E267FD801AC6079F00654B20 /* ParseCrashReporting.framework in Frameworks */,
				E261D4591AB00B0F00957726 /* CFNetwork.framework in Frameworks */,
				E261D4571AB00B0800957726 /* CoreGraphics.framework in Frameworks */,
				E261D4551AB00B0100957726 /* CoreLocation.framework in Frameworks */,
				E261D4531AB00AFC00957726 /* MobileCoreServices.framework in Frameworks */,
				E261D4511AB00AF500957726 /* QuartzCore.framework in Frameworks */,
				E267FD7F1AC6079F00654B20 /* Parse.framework in Frameworks */,
				E261D44F1AB00AEF00957726 /* Security.framework in Frameworks */,
				E261D44D1AB00AE800957726 /* Social.framework in Frameworks */,
				E261D44B1AB00AE100957726 /* SystemConfiguration.framework in Frameworks */,
				E261D4491AB00AD700957726 /* libz.dylib in Frameworks */,
				E261D4471AB00ACE00957726 /* libsqlite3.dylib in Frameworks */,
				E261D4451AB00AC300957726 /* AudioToolbox.framework in Frameworks */,
				E261D4431AB00ABC00957726 /* libstdc++.6.dylib in Frameworks */,
				E261D4411AB00AB100957726 /* AVFoundation.framework in Frameworks */,
				64AD33E65AACFE97DD4F154C /* Pods_PocketPark.framework in Frameworks */,
				E267FD7E1AC6079F00654B20 /* Bolts.framework in Frameworks */,
			);
			runOnlyForDeploymentPostprocessing = 0;
		};
		E261D3D11AB007DE00957726 /* Frameworks */ = {
			isa = PBXFrameworksBuildPhase;
			buildActionMask = 2147483647;
			files = (
			);
			runOnlyForDeploymentPostprocessing = 0;
		};
/* End PBXFrameworksBuildPhase section */

/* Begin PBXGroup section */
		B40907F43735BDA436E997DE /* Pods */ = {
			isa = PBXGroup;
			children = (
				4EFCB27833ADB71B977B491B /* Pods-PocketPark.debug.xcconfig */,
				54ACA14C519829F352B98643 /* Pods-PocketPark.release.xcconfig */,
			);
			name = Pods;
			sourceTree = "<group>";
		};
		C046217728DF1AD06B053BE4 /* Frameworks */ = {
			isa = PBXGroup;
			children = (
				E25940A31AC8FF040064AB90 /* PKHUD.framework */,
				E267FD7B1AC6079F00654B20 /* Bolts.framework */,
				E267FD7C1AC6079F00654B20 /* Parse.framework */,
				E267FD7D1AC6079F00654B20 /* ParseCrashReporting.framework */,
				E261D45A1AB00B1600957726 /* Accounts.framework */,
				E261D4581AB00B0F00957726 /* CFNetwork.framework */,
				E261D4561AB00B0800957726 /* CoreGraphics.framework */,
				E261D4541AB00B0100957726 /* CoreLocation.framework */,
				E261D4521AB00AFC00957726 /* MobileCoreServices.framework */,
				E261D4501AB00AF500957726 /* QuartzCore.framework */,
				E261D44E1AB00AEF00957726 /* Security.framework */,
				E261D44C1AB00AE800957726 /* Social.framework */,
				E261D44A1AB00AE100957726 /* SystemConfiguration.framework */,
				E261D4481AB00AD700957726 /* libz.dylib */,
				E261D4461AB00ACE00957726 /* libsqlite3.dylib */,
				E261D4441AB00AC300957726 /* AudioToolbox.framework */,
				E261D4421AB00ABC00957726 /* libstdc++.6.dylib */,
				E261D4401AB00AB100957726 /* AVFoundation.framework */,
				B72FF697DF7888CE41C9FE5D /* Pods_PocketPark.framework */,
			);
			name = Frameworks;
			sourceTree = "<group>";
		};
		E261D3B61AB007DE00957726 = {
			isa = PBXGroup;
			children = (
				E261D3C11AB007DE00957726 /* PocketPark */,
				E261D3D71AB007DE00957726 /* PocketParkTests */,
				E261D3C01AB007DE00957726 /* Products */,
				B40907F43735BDA436E997DE /* Pods */,
				C046217728DF1AD06B053BE4 /* Frameworks */,
			);
			sourceTree = "<group>";
		};
		E261D3C01AB007DE00957726 /* Products */ = {
			isa = PBXGroup;
			children = (
				E261D3BF1AB007DE00957726 /* PocketPark.app */,
				E261D3D41AB007DE00957726 /* PocketParkTests.xctest */,
			);
			name = Products;
			sourceTree = "<group>";
		};
		E261D3C11AB007DE00957726 /* PocketPark */ = {
			isa = PBXGroup;
			children = (
				E261D4131AB008BA00957726 /* AppDelegate.swift */,
				E261D3F11AB0087E00957726 /* Controllers */,
				E261D3F01AB0087A00957726 /* Media */,
				E261D3F31AB0088600957726 /* Utilities */,
				E261D3F21AB0088200957726 /* Views */,
				E261D3C21AB007DE00957726 /* Supporting Files */,
			);
			path = PocketPark;
			sourceTree = "<group>";
		};
		E261D3C21AB007DE00957726 /* Supporting Files */ = {
			isa = PBXGroup;
			children = (
				E2A78F2E1AB272120096B7A8 /* OtterFont.ttf */,
				E261D3F41AB0089C00957726 /* PocketPark-Bridging-Header.h */,
				E261D3C31AB007DE00957726 /* Info.plist */,
			);
			name = "Supporting Files";
			sourceTree = "<group>";
		};
		E261D3D71AB007DE00957726 /* PocketParkTests */ = {
			isa = PBXGroup;
			children = (
				E261D3DA1AB007DE00957726 /* PocketParkTests.swift */,
				E261D3D81AB007DE00957726 /* Supporting Files */,
			);
			path = PocketParkTests;
			sourceTree = "<group>";
		};
		E261D3D81AB007DE00957726 /* Supporting Files */ = {
			isa = PBXGroup;
			children = (
				E261D3D91AB007DE00957726 /* Info.plist */,
			);
			name = "Supporting Files";
			sourceTree = "<group>";
		};
		E261D3F01AB0087A00957726 /* Media */ = {
			isa = PBXGroup;
			children = (
				E261D3E41AB0087400957726 /* Media.xcassets */,
				E261D3E51AB0087400957726 /* Default-568h@2x.png */,
				E2A78F301AB288A70096B7A8 /* bg.jpg */,
				E261D3E61AB0087400957726 /* street.png */,
				E261D3E71AB0087400957726 /* blue.png */,
				E261D3E81AB0087400957726 /* red.png */,
				E261D3E91AB0087400957726 /* yellow.png */,
			);
			name = Media;
			sourceTree = "<group>";
		};
		E261D3F11AB0087E00957726 /* Controllers */ = {
			isa = PBXGroup;
			children = (
				E261D3F51AB0089D00957726 /* InteractiveMapViewController.swift */,
				E261D3F61AB0089D00957726 /* AboutViewController.swift */,
				E261D3F71AB0089D00957726 /* DisconnectedViewController.swift */,
				E261D3F81AB0089D00957726 /* ConnectedViewController.swift */,
				E25C20AC1AC90CDC00BA46DD /* CustomFooterCellTableViewCell.swift */,
				E261D3F91AB0089D00957726 /* OnboardingViewController.swift */,
				E261D3FA1AB0089D00957726 /* OnboardingContentViewController.swift */,
			);
			name = Controllers;
			sourceTree = "<group>";
		};
		E261D3F21AB0088200957726 /* Views */ = {
			isa = PBXGroup;
			children = (
				E25C20AD1AC90CDC00BA46DD /* CustomFooterCellTableViewCell.xib */,
				E261D4011AB008A600957726 /* LaunchScreen.xib */,
				E261D4021AB008A600957726 /* DisconnectedView.xib */,
				E2332B721ABFA15E00455422 /* InteractiveCard.xib */,
				E261D4031AB008A600957726 /* ConnectedView.xib */,
				E261D4051AB008A600957726 /* InteractiveMap.xib */,
				E261D4041AB008A600957726 /* AboutView.xib */,
			);
			name = Views;
			sourceTree = "<group>";
		};
		E261D3F31AB0088600957726 /* Utilities */ = {
			isa = PBXGroup;
			children = (
				E2332B741ABFA33A00455422 /* InteractiveCardCell.swift */,
				E22299F91AC4E4DE0002457B /* CellAnimation.swift */,
				E261D40B1AB008B000957726 /* CustomColors.swift */,
				E261D40C1AB008B000957726 /* InteractionBeaconManager.swift */,
				E261D40D1AB008B000957726 /* DataManager.swift */,
				E24494831AC5F8000004AD6D /* PushNotificationController.swift */,
				E2624DCC1AC7BBF5006848D6 /* UIViewExtensions.swift */,
			);
			name = Utilities;
			sourceTree = "<group>";
		};
/* End PBXGroup section */

/* Begin PBXNativeTarget section */
		E261D3BE1AB007DE00957726 /* PocketPark */ = {
			isa = PBXNativeTarget;
			buildConfigurationList = E261D3DE1AB007DE00957726 /* Build configuration list for PBXNativeTarget "PocketPark" */;
			buildPhases = (
				2698195B4C5902F02A2DF744 /* Check Pods Manifest.lock */,
				E261D3BB1AB007DE00957726 /* Sources */,
				E261D3BC1AB007DE00957726 /* Frameworks */,
				E261D3BD1AB007DE00957726 /* Resources */,
				A989642C8D008093CCF1874E /* Embed Pods Frameworks */,
				C321952A38BD49095CF099BA /* Copy Pods Resources */,
				E261D4371AB0090000957726 /* ShellScript */,
			);
			buildRules = (
			);
			dependencies = (
			);
			name = PocketPark;
			productName = PocketPark;
			productReference = E261D3BF1AB007DE00957726 /* PocketPark.app */;
			productType = "com.apple.product-type.application";
		};
		E261D3D31AB007DE00957726 /* PocketParkTests */ = {
			isa = PBXNativeTarget;
			buildConfigurationList = E261D3E11AB007DE00957726 /* Build configuration list for PBXNativeTarget "PocketParkTests" */;
			buildPhases = (
				E261D3D01AB007DE00957726 /* Sources */,
				E261D3D11AB007DE00957726 /* Frameworks */,
				E261D3D21AB007DE00957726 /* Resources */,
			);
			buildRules = (
			);
			dependencies = (
				E261D3D61AB007DE00957726 /* PBXTargetDependency */,
			);
			name = PocketParkTests;
			productName = PocketParkTests;
			productReference = E261D3D41AB007DE00957726 /* PocketParkTests.xctest */;
			productType = "com.apple.product-type.bundle.unit-test";
		};
/* End PBXNativeTarget section */

/* Begin PBXProject section */
		E261D3B71AB007DE00957726 /* Project object */ = {
			isa = PBXProject;
			attributes = {
				LastUpgradeCheck = 0610;
				TargetAttributes = {
					E261D3BE1AB007DE00957726 = {
						CreatedOnToolsVersion = 6.1.1;
						DevelopmentTeam = R6UV5Y86FX;
						SystemCapabilities = {
							com.apple.BackgroundModes = {
								enabled = 1;
							};
							com.apple.InAppPurchase = {
								enabled = 0;
							};
						};
					};
					E261D3D31AB007DE00957726 = {
						CreatedOnToolsVersion = 6.1.1;
						TestTargetID = E261D3BE1AB007DE00957726;
					};
				};
			};
			buildConfigurationList = E261D3BA1AB007DE00957726 /* Build configuration list for PBXProject "PocketPark" */;
			compatibilityVersion = "Xcode 3.2";
			developmentRegion = English;
			hasScannedForEncodings = 0;
			knownRegions = (
				en,
				Base,
			);
			mainGroup = E261D3B61AB007DE00957726;
			productRefGroup = E261D3C01AB007DE00957726 /* Products */;
			projectDirPath = "";
			projectRoot = "";
			targets = (
				E261D3BE1AB007DE00957726 /* PocketPark */,
				E261D3D31AB007DE00957726 /* PocketParkTests */,
			);
		};
/* End PBXProject section */

/* Begin PBXResourcesBuildPhase section */
		E261D3BD1AB007DE00957726 /* Resources */ = {
			isa = PBXResourcesBuildPhase;
			buildActionMask = 2147483647;
			files = (
				E25C20AF1AC90CDC00BA46DD /* CustomFooterCellTableViewCell.xib in Resources */,
				E2A78F2F1AB2736F0096B7A8 /* OtterFont.ttf in Resources */,
				E2A78F311AB288A70096B7A8 /* bg.jpg in Resources */,
				E261D3EA1AB0087400957726 /* Media.xcassets in Resources */,
				E261D4091AB008A600957726 /* AboutView.xib in Resources */,
				E261D4081AB008A600957726 /* ConnectedView.xib in Resources */,
				E261D3EF1AB0087400957726 /* yellow.png in Resources */,
				E2332B731ABFA15E00455422 /* InteractiveCard.xib in Resources */,
				E261D3EB1AB0087400957726 /* Default-568h@2x.png in Resources */,
				E261D4071AB008A600957726 /* DisconnectedView.xib in Resources */,
				E261D4061AB008A600957726 /* LaunchScreen.xib in Resources */,
				E261D3EC1AB0087400957726 /* street.png in Resources */,
				E261D3EE1AB0087400957726 /* red.png in Resources */,
				E261D40A1AB008A600957726 /* InteractiveMap.xib in Resources */,
				E261D3ED1AB0087400957726 /* blue.png in Resources */,
			);
			runOnlyForDeploymentPostprocessing = 0;
		};
		E261D3D21AB007DE00957726 /* Resources */ = {
			isa = PBXResourcesBuildPhase;
			buildActionMask = 2147483647;
			files = (
			);
			runOnlyForDeploymentPostprocessing = 0;
		};
/* End PBXResourcesBuildPhase section */

/* Begin PBXShellScriptBuildPhase section */
		2698195B4C5902F02A2DF744 /* Check Pods Manifest.lock */ = {
			isa = PBXShellScriptBuildPhase;
			buildActionMask = 2147483647;
			files = (
			);
			inputPaths = (
			);
			name = "Check Pods Manifest.lock";
			outputPaths = (
			);
			runOnlyForDeploymentPostprocessing = 0;
			shellPath = /bin/sh;
			shellScript = "diff \"${PODS_ROOT}/../Podfile.lock\" \"${PODS_ROOT}/Manifest.lock\" > /dev/null\nif [[ $? != 0 ]] ; then\n    cat << EOM\nerror: The sandbox is not in sync with the Podfile.lock. Run 'pod install' or update your CocoaPods installation.\nEOM\n    exit 1\nfi\n";
			showEnvVarsInLog = 0;
		};
		A989642C8D008093CCF1874E /* Embed Pods Frameworks */ = {
			isa = PBXShellScriptBuildPhase;
			buildActionMask = 2147483647;
			files = (
			);
			inputPaths = (
			);
			name = "Embed Pods Frameworks";
			outputPaths = (
			);
			runOnlyForDeploymentPostprocessing = 0;
			shellPath = /bin/sh;
			shellScript = "\"${SRCROOT}/Pods/Target Support Files/Pods-PocketPark/Pods-PocketPark-frameworks.sh\"\n";
			showEnvVarsInLog = 0;
		};
		C321952A38BD49095CF099BA /* Copy Pods Resources */ = {
			isa = PBXShellScriptBuildPhase;
			buildActionMask = 2147483647;
			files = (
			);
			inputPaths = (
			);
			name = "Copy Pods Resources";
			outputPaths = (
			);
			runOnlyForDeploymentPostprocessing = 0;
			shellPath = /bin/sh;
			shellScript = "\"${SRCROOT}/Pods/Target Support Files/Pods-PocketPark/Pods-PocketPark-resources.sh\"\n";
			showEnvVarsInLog = 0;
		};
		E261D4371AB0090000957726 /* ShellScript */ = {
			isa = PBXShellScriptBuildPhase;
			buildActionMask = 2147483647;
			files = (
			);
			inputPaths = (
			);
			outputPaths = (
			);
			runOnlyForDeploymentPostprocessing = 0;
			shellPath = /bin/sh;
			shellScript = "export PATH=/usr/local/bin:$PATH\ncd /Users/tom/Documents/ITP/Semester\\ 4/Thesis/PocketPark/parse\n\nparse symbols \"${DWARF_DSYM_FOLDER_PATH}/${DWARF_DSYM_FILE_NAME}\"\n\nFILE=\"${SRCROOT}/HockeySDK-iOS/BuildAgent\"\nif [ -f \"$FILE\" ]; then\n\"$FILE\"\nfi";
		};
/* End PBXShellScriptBuildPhase section */

/* Begin PBXSourcesBuildPhase section */
		E261D3BB1AB007DE00957726 /* Sources */ = {
			isa = PBXSourcesBuildPhase;
			buildActionMask = 2147483647;
			files = (
				E2332B751ABFA33A00455422 /* InteractiveCardCell.swift in Sources */,
				E2624DCD1AC7BBF5006848D6 /* UIViewExtensions.swift in Sources */,
				E261D4141AB008BA00957726 /* AppDelegate.swift in Sources */,
				E261D3FB1AB0089D00957726 /* InteractiveMapViewController.swift in Sources */,
				E261D4001AB0089D00957726 /* OnboardingContentViewController.swift in Sources */,
				E261D40F1AB008B000957726 /* CustomColors.swift in Sources */,
				E261D3FD1AB0089D00957726 /* DisconnectedViewController.swift in Sources */,
				E261D4101AB008B000957726 /* InteractionBeaconManager.swift in Sources */,
				E261D3FF1AB0089D00957726 /* OnboardingViewController.swift in Sources */,
				E261D3FE1AB0089D00957726 /* ConnectedViewController.swift in Sources */,
				E22299FA1AC4E4DE0002457B /* CellAnimation.swift in Sources */,
				E261D4111AB008B000957726 /* DataManager.swift in Sources */,
				E24494841AC5F8000004AD6D /* PushNotificationController.swift in Sources */,
				E261D3FC1AB0089D00957726 /* AboutViewController.swift in Sources */,
				E25C20AE1AC90CDC00BA46DD /* CustomFooterCellTableViewCell.swift in Sources */,
			);
			runOnlyForDeploymentPostprocessing = 0;
		};
		E261D3D01AB007DE00957726 /* Sources */ = {
			isa = PBXSourcesBuildPhase;
			buildActionMask = 2147483647;
			files = (
				E261D3DB1AB007DE00957726 /* PocketParkTests.swift in Sources */,
			);
			runOnlyForDeploymentPostprocessing = 0;
		};
/* End PBXSourcesBuildPhase section */

/* Begin PBXTargetDependency section */
		E261D3D61AB007DE00957726 /* PBXTargetDependency */ = {
			isa = PBXTargetDependency;
			target = E261D3BE1AB007DE00957726 /* PocketPark */;
			targetProxy = E261D3D51AB007DE00957726 /* PBXContainerItemProxy */;
		};
/* End PBXTargetDependency section */

/* Begin XCBuildConfiguration section */
		E261D3DC1AB007DE00957726 /* Debug */ = {
			isa = XCBuildConfiguration;
			buildSettings = {
				ALWAYS_SEARCH_USER_PATHS = NO;
				CLANG_CXX_LANGUAGE_STANDARD = "gnu++0x";
				CLANG_CXX_LIBRARY = "libc++";
				CLANG_ENABLE_MODULES = YES;
				CLANG_ENABLE_OBJC_ARC = YES;
				CLANG_WARN_BOOL_CONVERSION = YES;
				CLANG_WARN_CONSTANT_CONVERSION = YES;
				CLANG_WARN_DIRECT_OBJC_ISA_USAGE = YES_ERROR;
				CLANG_WARN_EMPTY_BODY = YES;
				CLANG_WARN_ENUM_CONVERSION = YES;
				CLANG_WARN_INT_CONVERSION = YES;
				CLANG_WARN_OBJC_ROOT_CLASS = YES_ERROR;
				CLANG_WARN_UNREACHABLE_CODE = YES;
				CLANG_WARN__DUPLICATE_METHOD_MATCH = YES;
				"CODE_SIGN_IDENTITY[sdk=iphoneos*]" = "iPhone Developer";
				COPY_PHASE_STRIP = NO;
				ENABLE_STRICT_OBJC_MSGSEND = YES;
				GCC_C_LANGUAGE_STANDARD = gnu99;
				GCC_DYNAMIC_NO_PIC = NO;
				GCC_OPTIMIZATION_LEVEL = 0;
				GCC_PREPROCESSOR_DEFINITIONS = (
					"DEBUG=1",
					"$(inherited)",
				);
				GCC_SYMBOLS_PRIVATE_EXTERN = NO;
				GCC_WARN_64_TO_32_BIT_CONVERSION = YES;
				GCC_WARN_ABOUT_RETURN_TYPE = YES_ERROR;
				GCC_WARN_UNDECLARED_SELECTOR = YES;
				GCC_WARN_UNINITIALIZED_AUTOS = YES_AGGRESSIVE;
				GCC_WARN_UNUSED_FUNCTION = YES;
				GCC_WARN_UNUSED_VARIABLE = YES;
				IPHONEOS_DEPLOYMENT_TARGET = 8.1;
				MTL_ENABLE_DEBUG_INFO = YES;
				ONLY_ACTIVE_ARCH = YES;
				SDKROOT = iphoneos;
				SWIFT_OPTIMIZATION_LEVEL = "-Onone";
			};
			name = Debug;
		};
		E261D3DD1AB007DE00957726 /* Release */ = {
			isa = XCBuildConfiguration;
			buildSettings = {
				ALWAYS_SEARCH_USER_PATHS = NO;
				CLANG_CXX_LANGUAGE_STANDARD = "gnu++0x";
				CLANG_CXX_LIBRARY = "libc++";
				CLANG_ENABLE_MODULES = YES;
				CLANG_ENABLE_OBJC_ARC = YES;
				CLANG_WARN_BOOL_CONVERSION = YES;
				CLANG_WARN_CONSTANT_CONVERSION = YES;
				CLANG_WARN_DIRECT_OBJC_ISA_USAGE = YES_ERROR;
				CLANG_WARN_EMPTY_BODY = YES;
				CLANG_WARN_ENUM_CONVERSION = YES;
				CLANG_WARN_INT_CONVERSION = YES;
				CLANG_WARN_OBJC_ROOT_CLASS = YES_ERROR;
				CLANG_WARN_UNREACHABLE_CODE = YES;
				CLANG_WARN__DUPLICATE_METHOD_MATCH = YES;
				"CODE_SIGN_IDENTITY[sdk=iphoneos*]" = "iPhone Developer";
				COPY_PHASE_STRIP = YES;
				ENABLE_NS_ASSERTIONS = NO;
				ENABLE_STRICT_OBJC_MSGSEND = YES;
				GCC_C_LANGUAGE_STANDARD = gnu99;
				GCC_WARN_64_TO_32_BIT_CONVERSION = YES;
				GCC_WARN_ABOUT_RETURN_TYPE = YES_ERROR;
				GCC_WARN_UNDECLARED_SELECTOR = YES;
				GCC_WARN_UNINITIALIZED_AUTOS = YES_AGGRESSIVE;
				GCC_WARN_UNUSED_FUNCTION = YES;
				GCC_WARN_UNUSED_VARIABLE = YES;
				IPHONEOS_DEPLOYMENT_TARGET = 8.1;
				MTL_ENABLE_DEBUG_INFO = NO;
				SDKROOT = iphoneos;
				VALIDATE_PRODUCT = YES;
			};
			name = Release;
		};
		E261D3DF1AB007DE00957726 /* Debug */ = {
			isa = XCBuildConfiguration;
			baseConfigurationReference = 4EFCB27833ADB71B977B491B /* Pods-PocketPark.debug.xcconfig */;
			buildSettings = {
				ASSETCATALOG_COMPILER_APPICON_NAME = AppIcon;
				CLANG_ENABLE_MODULES = YES;
				CODE_SIGN_IDENTITY = "iPhone Developer: Tom Arthur (85NW76828A)";
				"CODE_SIGN_IDENTITY[sdk=iphoneos*]" = "iPhone Developer";
				FRAMEWORK_SEARCH_PATHS = (
					"$(inherited)",
					"$(PROJECT_DIR)",
					"$(PROJECT_DIR)/PocketPark/AddedFrameworks",
					"$(PROJECT_DIR)/Pods/**",
					"$(PROJECT_DIR)/PocketPark",
					/Users/tom/Desktop,
				);
				GCC_TREAT_WARNINGS_AS_ERRORS = YES;
				HEADER_SEARCH_PATHS = (
					"$(inherited)",
					/Applications/Xcode.app/Contents/Developer/Toolchains/XcodeDefault.xctoolchain/usr/include,
					"$(PROJECT_DIR)/Pods/Headers/**",
				);
				INFOPLIST_FILE = PocketPark/Info.plist;
				IPHONEOS_DEPLOYMENT_TARGET = 8.1;
				LD_RUNPATH_SEARCH_PATHS = "$(inherited) @executable_path/Frameworks";
				LIBRARY_SEARCH_PATHS = (
					"$(inherited)",
					"$(PROJECT_DIR)",
					"$(PROJECT_DIR)/Pods/**",
				);
				ONLY_ACTIVE_ARCH = YES;
				PRODUCT_NAME = "$(TARGET_NAME)";
				PROVISIONING_PROFILE = "406bbae8-9f95-43d9-9a0e-6ec16af125ec";
				SUPPORTED_PLATFORMS = "iphonesimulator iphoneos";
				SWIFT_OBJC_BRIDGING_HEADER = "$(SRCROOT)/PocketPark-Bridging-Header.h";
				SWIFT_OPTIMIZATION_LEVEL = "-Onone";
				TARGETED_DEVICE_FAMILY = 1;
				VALIDATE_PRODUCT = YES;
				VALID_ARCHS = "arm64 armv7";
			};
			name = Debug;
		};
		E261D3E01AB007DE00957726 /* Release */ = {
			isa = XCBuildConfiguration;
			baseConfigurationReference = 54ACA14C519829F352B98643 /* Pods-PocketPark.release.xcconfig */;
			buildSettings = {
				ASSETCATALOG_COMPILER_APPICON_NAME = AppIcon;
				CLANG_ENABLE_MODULES = YES;
				CODE_SIGN_IDENTITY = "iPhone Developer: Tom Arthur (85NW76828A)";
				"CODE_SIGN_IDENTITY[sdk=iphoneos*]" = "iPhone Developer";
				FRAMEWORK_SEARCH_PATHS = (
					"$(inherited)",
					"$(PROJECT_DIR)",
					"$(PROJECT_DIR)/PocketPark/AddedFrameworks",
					"$(PROJECT_DIR)/Pods/**",
					"$(PROJECT_DIR)/PocketPark",
					/Users/tom/Desktop,
				);
				GCC_TREAT_WARNINGS_AS_ERRORS = YES;
				HEADER_SEARCH_PATHS = (
					"$(inherited)",
					/Applications/Xcode.app/Contents/Developer/Toolchains/XcodeDefault.xctoolchain/usr/include,
					"$(PROJECT_DIR)/Pods/Headers/**",
				);
				INFOPLIST_FILE = PocketPark/Info.plist;
				IPHONEOS_DEPLOYMENT_TARGET = 8.1;
				LD_RUNPATH_SEARCH_PATHS = "$(inherited) @executable_path/Frameworks";
				LIBRARY_SEARCH_PATHS = (
					"$(inherited)",
					"$(PROJECT_DIR)",
					"$(PROJECT_DIR)/Pods/**",
				);
				ONLY_ACTIVE_ARCH = YES;
				PRODUCT_NAME = "$(TARGET_NAME)";
				PROVISIONING_PROFILE = "406bbae8-9f95-43d9-9a0e-6ec16af125ec";
				SUPPORTED_PLATFORMS = "iphonesimulator iphoneos";
				SWIFT_OBJC_BRIDGING_HEADER = "$(SRCROOT)/PocketPark-Bridging-Header.h";
				TARGETED_DEVICE_FAMILY = 1;
				VALID_ARCHS = "arm64 armv7";
			};
			name = Release;
		};
		E261D3E21AB007DE00957726 /* Debug */ = {
			isa = XCBuildConfiguration;
			buildSettings = {
				BUNDLE_LOADER = "$(TEST_HOST)";
				FRAMEWORK_SEARCH_PATHS = (
					"$(SDKROOT)/Developer/Library/Frameworks",
					"$(inherited)",
				);
				GCC_PREPROCESSOR_DEFINITIONS = (
					"DEBUG=1",
					"$(inherited)",
				);
				INFOPLIST_FILE = PocketParkTests/Info.plist;
				LD_RUNPATH_SEARCH_PATHS = "$(inherited) @executable_path/Frameworks @loader_path/Frameworks";
				PRODUCT_NAME = "$(TARGET_NAME)";
				TEST_HOST = "$(BUILT_PRODUCTS_DIR)/PocketPark.app/PocketPark";
			};
			name = Debug;
		};
		E261D3E31AB007DE00957726 /* Release */ = {
			isa = XCBuildConfiguration;
			buildSettings = {
				BUNDLE_LOADER = "$(TEST_HOST)";
				FRAMEWORK_SEARCH_PATHS = (
					"$(SDKROOT)/Developer/Library/Frameworks",
					"$(inherited)",
				);
				INFOPLIST_FILE = PocketParkTests/Info.plist;
				LD_RUNPATH_SEARCH_PATHS = "$(inherited) @executable_path/Frameworks @loader_path/Frameworks";
				PRODUCT_NAME = "$(TARGET_NAME)";
				TEST_HOST = "$(BUILT_PRODUCTS_DIR)/PocketPark.app/PocketPark";
			};
			name = Release;
		};
/* End XCBuildConfiguration section */

/* Begin XCConfigurationList section */
		E261D3BA1AB007DE00957726 /* Build configuration list for PBXProject "PocketPark" */ = {
			isa = XCConfigurationList;
			buildConfigurations = (
				E261D3DC1AB007DE00957726 /* Debug */,
				E261D3DD1AB007DE00957726 /* Release */,
			);
			defaultConfigurationIsVisible = 0;
			defaultConfigurationName = Release;
		};
		E261D3DE1AB007DE00957726 /* Build configuration list for PBXNativeTarget "PocketPark" */ = {
			isa = XCConfigurationList;
			buildConfigurations = (
				E261D3DF1AB007DE00957726 /* Debug */,
				E261D3E01AB007DE00957726 /* Release */,
			);
			defaultConfigurationIsVisible = 0;
			defaultConfigurationName = Release;
		};
		E261D3E11AB007DE00957726 /* Build configuration list for PBXNativeTarget "PocketParkTests" */ = {
			isa = XCConfigurationList;
			buildConfigurations = (
				E261D3E21AB007DE00957726 /* Debug */,
				E261D3E31AB007DE00957726 /* Release */,
			);
			defaultConfigurationIsVisible = 0;
			defaultConfigurationName = Release;
		};
/* End XCConfigurationList section */
	};
	rootObject = E261D3B71AB007DE00957726 /* Project object */;
}
